
Microsoft Visual Studio Solution File, Format Version 12.00
# Visual Studio Version 17
VisualStudioVersion = 17.4.33213.308
MinimumVisualStudioVersion = 10.0.40219.1
Project("{FAE04EC0-301F-11D3-BF4B-00C04F79EFBC}") = "Zadanie8", "Zadanie8.csproj", "{5A6A6AF4-B967-47A5-8036-C09D0202CE36}"
EndProject
Global
	GlobalSection(SolutionConfigurationPlatforms) = preSolution
		Debug|Any CPU = Debug|Any CPU
		Release|Any CPU = Release|Any CPU
	EndGlobalSection
	GlobalSection(ProjectConfigurationPlatforms) = postSolution
		{5A6A6AF4-B967-47A5-8036-C09D0202CE36}.Debug|Any CPU.ActiveCfg = Debug|Any CPU
		{5A6A6AF4-B967-47A5-8036-C09D0202CE36}.Debug|Any CPU.Build.0 = Debug|Any CPU
		{5A6A6AF4-B967-47A5-8036-C09D0202CE36}.Release|Any CPU.ActiveCfg = Release|Any CPU
		{5A6A6AF4-B967-47A5-8036-C09D0202CE36}.Release|Any CPU.Build.0 = Release|Any CPU
	EndGlobalSection
	GlobalSection(SolutionProperties) = preSolution
		HideSolutionNode = FALSE
	EndGlobalSection
	GlobalSection(ExtensibilityGlobals) = postSolution
		SolutionGuid = {C5709E17-C56B-49E7-AA89-2EF379AC377B}
	EndGlobalSection
EndGlobal
